
Microsoft Visual Studio Solution File, Format Version 12.00
# Visual Studio 15
VisualStudioVersion = 15.0.28010.2036
MinimumVisualStudioVersion = 10.0.40219.1
Project("{9A19103F-16F7-4668-BE54-9A1E7A4F7556}") = "WebShop.Domain", "WebShop\WebShop.Domain.csproj", "{7ADAEB9F-69F2-4526-9BE2-2B3CD7606E38}"
EndProject
Project("{9A19103F-16F7-4668-BE54-9A1E7A4F7556}") = "WebShop.Domain.UseCases", "WebShop.Domain.UseCases\WebShop.Domain.UseCases.csproj", "{7B6685D6-BBCC-46FF-9AB8-250B5785AECC}"
EndProject
Project("{9A19103F-16F7-4668-BE54-9A1E7A4F7556}") = "WebShop.Rest", "WebShop.Rest\WebShop.Rest.csproj", "{62037EA6-AFD9-4A9B-B4EC-20B0D355D57E}"
EndProject
Global
	GlobalSection(SolutionConfigurationPlatforms) = preSolution
		Debug|Any CPU = Debug|Any CPU
		Release|Any CPU = Release|Any CPU
	EndGlobalSection
	GlobalSection(ProjectConfigurationPlatforms) = postSolution
		{7ADAEB9F-69F2-4526-9BE2-2B3CD7606E38}.Debug|Any CPU.ActiveCfg = Debug|Any CPU
		{7ADAEB9F-69F2-4526-9BE2-2B3CD7606E38}.Debug|Any CPU.Build.0 = Debug|Any CPU
		{7ADAEB9F-69F2-4526-9BE2-2B3CD7606E38}.Release|Any CPU.ActiveCfg = Release|Any CPU
		{7ADAEB9F-69F2-4526-9BE2-2B3CD7606E38}.Release|Any CPU.Build.0 = Release|Any CPU
		{7B6685D6-BBCC-46FF-9AB8-250B5785AECC}.Debug|Any CPU.ActiveCfg = Debug|Any CPU
		{7B6685D6-BBCC-46FF-9AB8-250B5785AECC}.Debug|Any CPU.Build.0 = Debug|Any CPU
		{7B6685D6-BBCC-46FF-9AB8-250B5785AECC}.Release|Any CPU.ActiveCfg = Release|Any CPU
		{7B6685D6-BBCC-46FF-9AB8-250B5785AECC}.Release|Any CPU.Build.0 = Release|Any CPU
		{62037EA6-AFD9-4A9B-B4EC-20B0D355D57E}.Debug|Any CPU.ActiveCfg = Debug|Any CPU
		{62037EA6-AFD9-4A9B-B4EC-20B0D355D57E}.Debug|Any CPU.Build.0 = Debug|Any CPU
		{62037EA6-AFD9-4A9B-B4EC-20B0D355D57E}.Release|Any CPU.ActiveCfg = Release|Any CPU
		{62037EA6-AFD9-4A9B-B4EC-20B0D355D57E}.Release|Any CPU.Build.0 = Release|Any CPU
	EndGlobalSection
	GlobalSection(SolutionProperties) = preSolution
		HideSolutionNode = FALSE
	EndGlobalSection
	GlobalSection(ExtensibilityGlobals) = postSolution
		SolutionGuid = {F635D534-2184-46B9-869E-57E9B7288713}
	EndGlobalSection
EndGlobal
