
Microsoft Visual Studio Solution File, Format Version 12.00
# Visual Studio 15
VisualStudioVersion = 15.0.28010.2036
MinimumVisualStudioVersion = 10.0.40219.1
Project("{9A19103F-16F7-4668-BE54-9A1E7A4F7556}") = "WebShop", "WebShop\WebShop.csproj", "{7ADAEB9F-69F2-4526-9BE2-2B3CD7606E38}"
EndProject
Project("{9A19103F-16F7-4668-BE54-9A1E7A4F7556}") = "Utilities", "Utilities\Utilities.csproj", "{BD088815-DAEF-43D9-9D3C-64BD18569414}"
EndProject
Project("{9A19103F-16F7-4668-BE54-9A1E7A4F7556}") = "WebShop.Features", "WebShop.UseCases\WebShop.Features.csproj", "{D6BA5EE6-367F-4332-ACFF-912FEB466134}"
EndProject
Project("{9A19103F-16F7-4668-BE54-9A1E7A4F7556}") = "ApplicationKernel", "ApplicationKernel.Domain\ApplicationKernel.csproj", "{90304C17-54C6-4F85-9E19-36396420662B}"
EndProject
Project("{9A19103F-16F7-4668-BE54-9A1E7A4F7556}") = "WebShop.Infrastructure.RestApi", "WebShop.Web\WebShop.Infrastructure.RestApi.csproj", "{65ED3AF9-876E-4734-8BFC-BA1C4DDDAA62}"
EndProject
Project("{9A19103F-16F7-4668-BE54-9A1E7A4F7556}") = "ApplicationKernel.Infrastructure", "ApplicationKernel.Infrastructure\ApplicationKernel.Infrastructure.csproj", "{9585483D-0BD9-46A8-8B17-D58CC82B9D4B}"
EndProject
Project("{9A19103F-16F7-4668-BE54-9A1E7A4F7556}") = "WebShop.Tests", "WebShop.Tests\WebShop.Tests.csproj", "{71A9E48A-D912-4EDB-981E-722C8940B364}"
EndProject
Project("{9A19103F-16F7-4668-BE54-9A1E7A4F7556}") = "WebShop.Infrastructure", "WebShop.Infrastructure\WebShop.Infrastructure.csproj", "{B1873642-95FB-4A6D-B213-765AECC036E0}"
EndProject
Project("{9A19103F-16F7-4668-BE54-9A1E7A4F7556}") = "WebShop.Infrastructure.PersistentCache", "WebShop.Infrastructure.ReadStore\WebShop.Infrastructure.PersistentCache.csproj", "{DEAD0D1D-BB4E-485C-AD50-6156EED8FB1D}"
EndProject
Project("{2150E333-8FDC-42A3-9474-1A3956D46DE8}") = "Tests", "Tests", "{BDCFE6EE-3619-4092-A3F8-B80A4FAB9C5B}"
EndProject
Project("{FAE04EC0-301F-11D3-BF4B-00C04F79EFBC}") = "WebShop.TestsLib", "WebShop.TestsLib\WebShop.TestsLib.csproj", "{FBF2BDC0-673A-42DE-B506-E1EE664E0FA7}"
EndProject
Global
	GlobalSection(SolutionConfigurationPlatforms) = preSolution
		Debug|Any CPU = Debug|Any CPU
		Release|Any CPU = Release|Any CPU
	EndGlobalSection
	GlobalSection(ProjectConfigurationPlatforms) = postSolution
		{7ADAEB9F-69F2-4526-9BE2-2B3CD7606E38}.Debug|Any CPU.ActiveCfg = Debug|Any CPU
		{7ADAEB9F-69F2-4526-9BE2-2B3CD7606E38}.Debug|Any CPU.Build.0 = Debug|Any CPU
		{7ADAEB9F-69F2-4526-9BE2-2B3CD7606E38}.Release|Any CPU.ActiveCfg = Release|Any CPU
		{7ADAEB9F-69F2-4526-9BE2-2B3CD7606E38}.Release|Any CPU.Build.0 = Release|Any CPU
		{BD088815-DAEF-43D9-9D3C-64BD18569414}.Debug|Any CPU.ActiveCfg = Debug|Any CPU
		{BD088815-DAEF-43D9-9D3C-64BD18569414}.Debug|Any CPU.Build.0 = Debug|Any CPU
		{BD088815-DAEF-43D9-9D3C-64BD18569414}.Release|Any CPU.ActiveCfg = Release|Any CPU
		{BD088815-DAEF-43D9-9D3C-64BD18569414}.Release|Any CPU.Build.0 = Release|Any CPU
		{D6BA5EE6-367F-4332-ACFF-912FEB466134}.Debug|Any CPU.ActiveCfg = Debug|Any CPU
		{D6BA5EE6-367F-4332-ACFF-912FEB466134}.Debug|Any CPU.Build.0 = Debug|Any CPU
		{D6BA5EE6-367F-4332-ACFF-912FEB466134}.Release|Any CPU.ActiveCfg = Release|Any CPU
		{D6BA5EE6-367F-4332-ACFF-912FEB466134}.Release|Any CPU.Build.0 = Release|Any CPU
		{90304C17-54C6-4F85-9E19-36396420662B}.Debug|Any CPU.ActiveCfg = Debug|Any CPU
		{90304C17-54C6-4F85-9E19-36396420662B}.Debug|Any CPU.Build.0 = Debug|Any CPU
		{90304C17-54C6-4F85-9E19-36396420662B}.Release|Any CPU.ActiveCfg = Release|Any CPU
		{90304C17-54C6-4F85-9E19-36396420662B}.Release|Any CPU.Build.0 = Release|Any CPU
		{65ED3AF9-876E-4734-8BFC-BA1C4DDDAA62}.Debug|Any CPU.ActiveCfg = Debug|Any CPU
		{65ED3AF9-876E-4734-8BFC-BA1C4DDDAA62}.Debug|Any CPU.Build.0 = Debug|Any CPU
		{65ED3AF9-876E-4734-8BFC-BA1C4DDDAA62}.Release|Any CPU.ActiveCfg = Release|Any CPU
		{65ED3AF9-876E-4734-8BFC-BA1C4DDDAA62}.Release|Any CPU.Build.0 = Release|Any CPU
		{9585483D-0BD9-46A8-8B17-D58CC82B9D4B}.Debug|Any CPU.ActiveCfg = Debug|Any CPU
		{9585483D-0BD9-46A8-8B17-D58CC82B9D4B}.Debug|Any CPU.Build.0 = Debug|Any CPU
		{9585483D-0BD9-46A8-8B17-D58CC82B9D4B}.Release|Any CPU.ActiveCfg = Release|Any CPU
		{9585483D-0BD9-46A8-8B17-D58CC82B9D4B}.Release|Any CPU.Build.0 = Release|Any CPU
		{71A9E48A-D912-4EDB-981E-722C8940B364}.Debug|Any CPU.ActiveCfg = Debug|Any CPU
		{71A9E48A-D912-4EDB-981E-722C8940B364}.Debug|Any CPU.Build.0 = Debug|Any CPU
		{71A9E48A-D912-4EDB-981E-722C8940B364}.Release|Any CPU.ActiveCfg = Release|Any CPU
		{71A9E48A-D912-4EDB-981E-722C8940B364}.Release|Any CPU.Build.0 = Release|Any CPU
		{B1873642-95FB-4A6D-B213-765AECC036E0}.Debug|Any CPU.ActiveCfg = Debug|Any CPU
		{B1873642-95FB-4A6D-B213-765AECC036E0}.Debug|Any CPU.Build.0 = Debug|Any CPU
		{B1873642-95FB-4A6D-B213-765AECC036E0}.Release|Any CPU.ActiveCfg = Release|Any CPU
		{B1873642-95FB-4A6D-B213-765AECC036E0}.Release|Any CPU.Build.0 = Release|Any CPU
		{DEAD0D1D-BB4E-485C-AD50-6156EED8FB1D}.Debug|Any CPU.ActiveCfg = Debug|Any CPU
		{DEAD0D1D-BB4E-485C-AD50-6156EED8FB1D}.Debug|Any CPU.Build.0 = Debug|Any CPU
		{DEAD0D1D-BB4E-485C-AD50-6156EED8FB1D}.Release|Any CPU.ActiveCfg = Release|Any CPU
		{DEAD0D1D-BB4E-485C-AD50-6156EED8FB1D}.Release|Any CPU.Build.0 = Release|Any CPU
		{FBF2BDC0-673A-42DE-B506-E1EE664E0FA7}.Debug|Any CPU.ActiveCfg = Debug|Any CPU
		{FBF2BDC0-673A-42DE-B506-E1EE664E0FA7}.Debug|Any CPU.Build.0 = Debug|Any CPU
		{FBF2BDC0-673A-42DE-B506-E1EE664E0FA7}.Release|Any CPU.ActiveCfg = Release|Any CPU
		{FBF2BDC0-673A-42DE-B506-E1EE664E0FA7}.Release|Any CPU.Build.0 = Release|Any CPU
	EndGlobalSection
	GlobalSection(SolutionProperties) = preSolution
		HideSolutionNode = FALSE
	EndGlobalSection
	GlobalSection(NestedProjects) = preSolution
		{71A9E48A-D912-4EDB-981E-722C8940B364} = {BDCFE6EE-3619-4092-A3F8-B80A4FAB9C5B}
		{FBF2BDC0-673A-42DE-B506-E1EE664E0FA7} = {BDCFE6EE-3619-4092-A3F8-B80A4FAB9C5B}
	EndGlobalSection
	GlobalSection(ExtensibilityGlobals) = postSolution
		SolutionGuid = {F635D534-2184-46B9-869E-57E9B7288713}
	EndGlobalSection
EndGlobal
