
Microsoft Visual Studio Solution File, Format Version 12.00
# Visual Studio 15
VisualStudioVersion = 15.0.28010.2036
MinimumVisualStudioVersion = 10.0.40219.1
Project("{9A19103F-16F7-4668-BE54-9A1E7A4F7556}") = "WebShop", "WebShop\WebShop.csproj", "{7ADAEB9F-69F2-4526-9BE2-2B3CD7606E38}"
EndProject
Project("{9A19103F-16F7-4668-BE54-9A1E7A4F7556}") = "Utilities", "Utilities\Utilities.csproj", "{BD088815-DAEF-43D9-9D3C-64BD18569414}"
EndProject
Project("{9A19103F-16F7-4668-BE54-9A1E7A4F7556}") = "WebShop.Tests", "WebShop.Tests\WebShop.Tests.csproj", "{71A9E48A-D912-4EDB-981E-722C8940B364}"
EndProject
Project("{9A19103F-16F7-4668-BE54-9A1E7A4F7556}") = "WebShop.DataAccess", "WebShop.Infrastructure\WebShop.DataAccess.csproj", "{B1873642-95FB-4A6D-B213-765AECC036E0}"
EndProject
Global
	GlobalSection(SolutionConfigurationPlatforms) = preSolution
		Debug|Any CPU = Debug|Any CPU
		Release|Any CPU = Release|Any CPU
	EndGlobalSection
	GlobalSection(ProjectConfigurationPlatforms) = postSolution
		{7ADAEB9F-69F2-4526-9BE2-2B3CD7606E38}.Debug|Any CPU.ActiveCfg = Debug|Any CPU
		{7ADAEB9F-69F2-4526-9BE2-2B3CD7606E38}.Debug|Any CPU.Build.0 = Debug|Any CPU
		{7ADAEB9F-69F2-4526-9BE2-2B3CD7606E38}.Release|Any CPU.ActiveCfg = Release|Any CPU
		{7ADAEB9F-69F2-4526-9BE2-2B3CD7606E38}.Release|Any CPU.Build.0 = Release|Any CPU
		{BD088815-DAEF-43D9-9D3C-64BD18569414}.Debug|Any CPU.ActiveCfg = Debug|Any CPU
		{BD088815-DAEF-43D9-9D3C-64BD18569414}.Debug|Any CPU.Build.0 = Debug|Any CPU
		{BD088815-DAEF-43D9-9D3C-64BD18569414}.Release|Any CPU.ActiveCfg = Release|Any CPU
		{BD088815-DAEF-43D9-9D3C-64BD18569414}.Release|Any CPU.Build.0 = Release|Any CPU
		{71A9E48A-D912-4EDB-981E-722C8940B364}.Debug|Any CPU.ActiveCfg = Debug|Any CPU
		{71A9E48A-D912-4EDB-981E-722C8940B364}.Debug|Any CPU.Build.0 = Debug|Any CPU
		{71A9E48A-D912-4EDB-981E-722C8940B364}.Release|Any CPU.ActiveCfg = Release|Any CPU
		{71A9E48A-D912-4EDB-981E-722C8940B364}.Release|Any CPU.Build.0 = Release|Any CPU
		{B1873642-95FB-4A6D-B213-765AECC036E0}.Debug|Any CPU.ActiveCfg = Debug|Any CPU
		{B1873642-95FB-4A6D-B213-765AECC036E0}.Debug|Any CPU.Build.0 = Debug|Any CPU
		{B1873642-95FB-4A6D-B213-765AECC036E0}.Release|Any CPU.ActiveCfg = Release|Any CPU
		{B1873642-95FB-4A6D-B213-765AECC036E0}.Release|Any CPU.Build.0 = Release|Any CPU
		{E8EE483C-4D9F-4C50-90AF-73E2FBB2C053}.Debug|Any CPU.ActiveCfg = Debug|Any CPU
		{E8EE483C-4D9F-4C50-90AF-73E2FBB2C053}.Debug|Any CPU.Build.0 = Debug|Any CPU
		{E8EE483C-4D9F-4C50-90AF-73E2FBB2C053}.Release|Any CPU.ActiveCfg = Release|Any CPU
		{E8EE483C-4D9F-4C50-90AF-73E2FBB2C053}.Release|Any CPU.Build.0 = Release|Any CPU
	EndGlobalSection
	GlobalSection(SolutionProperties) = preSolution
		HideSolutionNode = FALSE
	EndGlobalSection
	GlobalSection(ExtensibilityGlobals) = postSolution
		SolutionGuid = {F635D534-2184-46B9-869E-57E9B7288713}
	EndGlobalSection
EndGlobal
